// !$*UTF8*$!
{
	archiveVersion = 1;
	classes = {
	};
	objectVersion = 55;
	objects = {

/* Begin PBXBuildFile section */
		3D1122C42B6FEF2D00466744 /* AppDelegate.swift in Sources */ = {isa = PBXBuildFile; fileRef = 3D1122C32B6FEF2D00466744 /* AppDelegate.swift */; };
		3D1122C62B6FEF2D00466744 /* SceneDelegate.swift in Sources */ = {isa = PBXBuildFile; fileRef = 3D1122C52B6FEF2D00466744 /* SceneDelegate.swift */; };
		3D1122C82B6FEF2D00466744 /* ViewController.swift in Sources */ = {isa = PBXBuildFile; fileRef = 3D1122C72B6FEF2D00466744 /* ViewController.swift */; };
		3D1122CB2B6FEF2D00466744 /* Main.storyboard in Resources */ = {isa = PBXBuildFile; fileRef = 3D1122C92B6FEF2D00466744 /* Main.storyboard */; };
		3D1122CD2B6FEF3100466744 /* Assets.xcassets in Resources */ = {isa = PBXBuildFile; fileRef = 3D1122CC2B6FEF3100466744 /* Assets.xcassets */; };
		3D1122D02B6FEF3100466744 /* LaunchScreen.storyboard in Resources */ = {isa = PBXBuildFile; fileRef = 3D1122CE2B6FEF3100466744 /* LaunchScreen.storyboard */; };
/* End PBXBuildFile section */

/* Begin PBXContainerItemProxy section */
		3D1122D72B6FEF3100466744 /* PBXContainerItemProxy */ = {
			isa = PBXContainerItemProxy;
			containerPortal = 3D1122B82B6FEF2D00466744 /* Project object */;
			proxyType = 1;
			remoteGlobalIDString = 3D1122BF2B6FEF2D00466744;
			remoteInfo = homeWorkThree;
		};
		3D1122E12B6FEF3100466744 /* PBXContainerItemProxy */ = {
			isa = PBXContainerItemProxy;
			containerPortal = 3D1122B82B6FEF2D00466744 /* Project object */;
			proxyType = 1;
			remoteGlobalIDString = 3D1122BF2B6FEF2D00466744;
			remoteInfo = homeWorkThree;
		};
/* End PBXContainerItemProxy section */

/* Begin PBXFileReference section */
		3D1122C02B6FEF2D00466744 /* homeWorkThree.app */ = {isa = PBXFileReference; explicitFileType = wrapper.application; includeInIndex = 0; path = homeWorkThree.app; sourceTree = BUILT_PRODUCTS_DIR; };
		3D1122C32B6FEF2D00466744 /* AppDelegate.swift */ = {isa = PBXFileReference; lastKnownFileType = sourcecode.swift; path = AppDelegate.swift; sourceTree = "<group>"; };
		3D1122C52B6FEF2D00466744 /* SceneDelegate.swift */ = {isa = PBXFileReference; lastKnownFileType = sourcecode.swift; path = SceneDelegate.swift; sourceTree = "<group>"; };
		3D1122C72B6FEF2D00466744 /* ViewController.swift */ = {isa = PBXFileReference; lastKnownFileType = sourcecode.swift; path = ViewController.swift; sourceTree = "<group>"; };
		3D1122CA2B6FEF2D00466744 /* Base */ = {isa = PBXFileReference; lastKnownFileType = file.storyboard; name = Base; path = Base.lproj/Main.storyboard; sourceTree = "<group>"; };
		3D1122CC2B6FEF3100466744 /* Assets.xcassets */ = {isa = PBXFileReference; lastKnownFileType = folder.assetcatalog; path = Assets.xcassets; sourceTree = "<group>"; };
		3D1122CF2B6FEF3100466744 /* Base */ = {isa = PBXFileReference; lastKnownFileType = file.storyboard; name = Base; path = Base.lproj/LaunchScreen.storyboard; sourceTree = "<group>"; };
		3D1122D12B6FEF3100466744 /* Info.plist */ = {isa = PBXFileReference; lastKnownFileType = text.plist.xml; path = Info.plist; sourceTree = "<group>"; };
		3D1122D62B6FEF3100466744 /* homeWorkThreeTests.xctest */ = {isa = PBXFileReference; explicitFileType = wrapper.cfbundle; includeInIndex = 0; path = homeWorkThreeTests.xctest; sourceTree = BUILT_PRODUCTS_DIR; };
		3D1122E02B6FEF3100466744 /* homeWorkThreeUITests.xctest */ = {isa = PBXFileReference; explicitFileType = wrapper.cfbundle; includeInIndex = 0; path = homeWorkThreeUITests.xctest; sourceTree = BUILT_PRODUCTS_DIR; };
/* End PBXFileReference section */

/* Begin PBXFrameworksBuildPhase section */
		3D1122BD2B6FEF2D00466744 /* Frameworks */ = {
			isa = PBXFrameworksBuildPhase;
			buildActionMask = 2147483647;
			files = (
			);
			runOnlyForDeploymentPostprocessing = 0;
		};
		3D1122D32B6FEF3100466744 /* Frameworks */ = {
			isa = PBXFrameworksBuildPhase;
			buildActionMask = 2147483647;
			files = (
			);
			runOnlyForDeploymentPostprocessing = 0;
		};
		3D1122DD2B6FEF3100466744 /* Frameworks */ = {
			isa = PBXFrameworksBuildPhase;
			buildActionMask = 2147483647;
			files = (
			);
			runOnlyForDeploymentPostprocessing = 0;
		};
/* End PBXFrameworksBuildPhase section */

/* Begin PBXGroup section */
		3D1122B72B6FEF2D00466744 = {
			isa = PBXGroup;
			children = (
				3D1122C22B6FEF2D00466744 /* homeWorkThree */,
				3D1122C12B6FEF2D00466744 /* Products */,
			);
			sourceTree = "<group>";
		};
		3D1122C12B6FEF2D00466744 /* Products */ = {
			isa = PBXGroup;
			children = (
				3D1122C02B6FEF2D00466744 /* homeWorkThree.app */,
				3D1122D62B6FEF3100466744 /* homeWorkThreeTests.xctest */,
				3D1122E02B6FEF3100466744 /* homeWorkThreeUITests.xctest */,
			);
			name = Products;
			sourceTree = "<group>";
		};
		3D1122C22B6FEF2D00466744 /* homeWorkThree */ = {
			isa = PBXGroup;
			children = (
				3D1122C32B6FEF2D00466744 /* AppDelegate.swift */,
				3D1122C52B6FEF2D00466744 /* SceneDelegate.swift */,
				3D1122C72B6FEF2D00466744 /* ViewController.swift */,
				3D1122C92B6FEF2D00466744 /* Main.storyboard */,
				3D1122CC2B6FEF3100466744 /* Assets.xcassets */,
				3D1122CE2B6FEF3100466744 /* LaunchScreen.storyboard */,
				3D1122D12B6FEF3100466744 /* Info.plist */,
			);
			path = homeWorkThree;
			sourceTree = "<group>";
		};
/* End PBXGroup section */

/* Begin PBXNativeTarget section */
		3D1122BF2B6FEF2D00466744 /* homeWorkThree */ = {
			isa = PBXNativeTarget;
			buildConfigurationList = 3D1122EA2B6FEF3100466744 /* Build configuration list for PBXNativeTarget "homeWorkThree" */;
			buildPhases = (
				3D1122BC2B6FEF2D00466744 /* Sources */,
				3D1122BD2B6FEF2D00466744 /* Frameworks */,
				3D1122BE2B6FEF2D00466744 /* Resources */,
			);
			buildRules = (
			);
			dependencies = (
			);
			name = homeWorkThree;
			productName = homeWorkThree;
			productReference = 3D1122C02B6FEF2D00466744 /* homeWorkThree.app */;
			productType = "com.apple.product-type.application";
		};
		3D1122D52B6FEF3100466744 /* homeWorkThreeTests */ = {
			isa = PBXNativeTarget;
			buildConfigurationList = 3D1122ED2B6FEF3100466744 /* Build configuration list for PBXNativeTarget "homeWorkThreeTests" */;
			buildPhases = (
				3D1122D22B6FEF3100466744 /* Sources */,
				3D1122D32B6FEF3100466744 /* Frameworks */,
				3D1122D42B6FEF3100466744 /* Resources */,
			);
			buildRules = (
			);
			dependencies = (
				3D1122D82B6FEF3100466744 /* PBXTargetDependency */,
			);
			name = homeWorkThreeTests;
			productName = homeWorkThreeTests;
			productReference = 3D1122D62B6FEF3100466744 /* homeWorkThreeTests.xctest */;
			productType = "com.apple.product-type.bundle.unit-test";
		};
		3D1122DF2B6FEF3100466744 /* homeWorkThreeUITests */ = {
			isa = PBXNativeTarget;
			buildConfigurationList = 3D1122F02B6FEF3100466744 /* Build configuration list for PBXNativeTarget "homeWorkThreeUITests" */;
			buildPhases = (
				3D1122DC2B6FEF3100466744 /* Sources */,
				3D1122DD2B6FEF3100466744 /* Frameworks */,
				3D1122DE2B6FEF3100466744 /* Resources */,
			);
			buildRules = (
			);
			dependencies = (
				3D1122E22B6FEF3100466744 /* PBXTargetDependency */,
			);
			name = homeWorkThreeUITests;
			productName = homeWorkThreeUITests;
			productReference = 3D1122E02B6FEF3100466744 /* homeWorkThreeUITests.xctest */;
			productType = "com.apple.product-type.bundle.ui-testing";
		};
/* End PBXNativeTarget section */

/* Begin PBXProject section */
		3D1122B82B6FEF2D00466744 /* Project object */ = {
			isa = PBXProject;
			attributes = {
				BuildIndependentTargetsInParallel = 1;
				LastSwiftUpdateCheck = 1340;
				LastUpgradeCheck = 1340;
				TargetAttributes = {
					3D1122BF2B6FEF2D00466744 = {
						CreatedOnToolsVersion = 13.4.1;
					};
					3D1122D52B6FEF3100466744 = {
						CreatedOnToolsVersion = 13.4.1;
						TestTargetID = 3D1122BF2B6FEF2D00466744;
					};
					3D1122DF2B6FEF3100466744 = {
						CreatedOnToolsVersion = 13.4.1;
						TestTargetID = 3D1122BF2B6FEF2D00466744;
					};
				};
			};
			buildConfigurationList = 3D1122BB2B6FEF2D00466744 /* Build configuration list for PBXProject "homeWorkThree" */;
			compatibilityVersion = "Xcode 13.0";
			developmentRegion = en;
			hasScannedForEncodings = 0;
			knownRegions = (
				en,
				Base,
			);
			mainGroup = 3D1122B72B6FEF2D00466744;
			productRefGroup = 3D1122C12B6FEF2D00466744 /* Products */;
			projectDirPath = "";
			projectRoot = "";
			targets = (
				3D1122BF2B6FEF2D00466744 /* homeWorkThree */,
				3D1122D52B6FEF3100466744 /* homeWorkThreeTests */,
				3D1122DF2B6FEF3100466744 /* homeWorkThreeUITests */,
			);
		};
/* End PBXProject section */

/* Begin PBXResourcesBuildPhase section */
		3D1122BE2B6FEF2D00466744 /* Resources */ = {
			isa = PBXResourcesBuildPhase;
			buildActionMask = 2147483647;
			files = (
				3D1122D02B6FEF3100466744 /* LaunchScreen.storyboard in Resources */,
				3D1122CD2B6FEF3100466744 /* Assets.xcassets in Resources */,
				3D1122CB2B6FEF2D00466744 /* Main.storyboard in Resources */,
			);
			runOnlyForDeploymentPostprocessing = 0;
		};
		3D1122D42B6FEF3100466744 /* Resources */ = {
			isa = PBXResourcesBuildPhase;
			buildActionMask = 2147483647;
			files = (
			);
			runOnlyForDeploymentPostprocessing = 0;
		};
		3D1122DE2B6FEF3100466744 /* Resources */ = {
			isa = PBXResourcesBuildPhase;
			buildActionMask = 2147483647;
			files = (
			);
			runOnlyForDeploymentPostprocessing = 0;
		};
/* End PBXResourcesBuildPhase section */

/* Begin PBXSourcesBuildPhase section */
		3D1122BC2B6FEF2D00466744 /* Sources */ = {
			isa = PBXSourcesBuildPhase;
			buildActionMask = 2147483647;
			files = (
				3D1122C82B6FEF2D00466744 /* ViewController.swift in Sources */,
				3D1122C42B6FEF2D00466744 /* AppDelegate.swift in Sources */,
				3D1122C62B6FEF2D00466744 /* SceneDelegate.swift in Sources */,
			);
			runOnlyForDeploymentPostprocessing = 0;
		};
		3D1122D22B6FEF3100466744 /* Sources */ = {
			isa = PBXSourcesBuildPhase;
			buildActionMask = 2147483647;
			files = (
			);
			runOnlyForDeploymentPostprocessing = 0;
		};
		3D1122DC2B6FEF3100466744 /* Sources */ = {
			isa = PBXSourcesBuildPhase;
			buildActionMask = 2147483647;
			files = (
			);
			runOnlyForDeploymentPostprocessing = 0;
		};
/* End PBXSourcesBuildPhase section */

/* Begin PBXTargetDependency section */
		3D1122D82B6FEF3100466744 /* PBXTargetDependency */ = {
			isa = PBXTargetDependency;
			target = 3D1122BF2B6FEF2D00466744 /* homeWorkThree */;
			targetProxy = 3D1122D72B6FEF3100466744 /* PBXContainerItemProxy */;
		};
		3D1122E22B6FEF3100466744 /* PBXTargetDependency */ = {
			isa = PBXTargetDependency;
			target = 3D1122BF2B6FEF2D00466744 /* homeWorkThree */;
			targetProxy = 3D1122E12B6FEF3100466744 /* PBXContainerItemProxy */;
		};
/* End PBXTargetDependency section */

/* Begin PBXVariantGroup section */
		3D1122C92B6FEF2D00466744 /* Main.storyboard */ = {
			isa = PBXVariantGroup;
			children = (
				3D1122CA2B6FEF2D00466744 /* Base */,
			);
			name = Main.storyboard;
			sourceTree = "<group>";
		};
		3D1122CE2B6FEF3100466744 /* LaunchScreen.storyboard */ = {
			isa = PBXVariantGroup;
			children = (
				3D1122CF2B6FEF3100466744 /* Base */,
			);
			name = LaunchScreen.storyboard;
			sourceTree = "<group>";
		};
/* End PBXVariantGroup section */

/* Begin XCBuildConfiguration section */
		3D1122E82B6FEF3100466744 /* Debug */ = {
			isa = XCBuildConfiguration;
			buildSettings = {
				ALWAYS_SEARCH_USER_PATHS = NO;
				CLANG_ANALYZER_NONNULL = YES;
				CLANG_ANALYZER_NUMBER_OBJECT_CONVERSION = YES_AGGRESSIVE;
				CLANG_CXX_LANGUAGE_STANDARD = "gnu++17";
				CLANG_ENABLE_MODULES = YES;
				CLANG_ENABLE_OBJC_ARC = YES;
				CLANG_ENABLE_OBJC_WEAK = YES;
				CLANG_WARN_BLOCK_CAPTURE_AUTORELEASING = YES;
				CLANG_WARN_BOOL_CONVERSION = YES;
				CLANG_WARN_COMMA = YES;
				CLANG_WARN_CONSTANT_CONVERSION = YES;
				CLANG_WARN_DEPRECATED_OBJC_IMPLEMENTATIONS = YES;
				CLANG_WARN_DIRECT_OBJC_ISA_USAGE = YES_ERROR;
				CLANG_WARN_DOCUMENTATION_COMMENTS = YES;
				CLANG_WARN_EMPTY_BODY = YES;
				CLANG_WARN_ENUM_CONVERSION = YES;
				CLANG_WARN_INFINITE_RECURSION = YES;
				CLANG_WARN_INT_CONVERSION = YES;
				CLANG_WARN_NON_LITERAL_NULL_CONVERSION = YES;
				CLANG_WARN_OBJC_IMPLICIT_RETAIN_SELF = YES;
				CLANG_WARN_OBJC_LITERAL_CONVERSION = YES;
				CLANG_WARN_OBJC_ROOT_CLASS = YES_ERROR;
				CLANG_WARN_QUOTED_INCLUDE_IN_FRAMEWORK_HEADER = YES;
				CLANG_WARN_RANGE_LOOP_ANALYSIS = YES;
				CLANG_WARN_STRICT_PROTOTYPES = YES;
				CLANG_WARN_SUSPICIOUS_MOVE = YES;
				CLANG_WARN_UNGUARDED_AVAILABILITY = YES_AGGRESSIVE;
				CLANG_WARN_UNREACHABLE_CODE = YES;
				CLANG_WARN__DUPLICATE_METHOD_MATCH = YES;
				COPY_PHASE_STRIP = NO;
				DEBUG_INFORMATION_FORMAT = dwarf;
				ENABLE_STRICT_OBJC_MSGSEND = YES;
				ENABLE_TESTABILITY = YES;
				GCC_C_LANGUAGE_STANDARD = gnu11;
				GCC_DYNAMIC_NO_PIC = NO;
				GCC_NO_COMMON_BLOCKS = YES;
				GCC_OPTIMIZATION_LEVEL = 0;
				GCC_PREPROCESSOR_DEFINITIONS = (
					"DEBUG=1",
					"$(inherited)",
				);
				GCC_WARN_64_TO_32_BIT_CONVERSION = YES;
				GCC_WARN_ABOUT_RETURN_TYPE = YES_ERROR;
				GCC_WARN_UNDECLARED_SELECTOR = YES;
				GCC_WARN_UNINITIALIZED_AUTOS = YES_AGGRESSIVE;
				GCC_WARN_UNUSED_FUNCTION = YES;
				GCC_WARN_UNUSED_VARIABLE = YES;
				IPHONEOS_DEPLOYMENT_TARGET = 15.5;
				MTL_ENABLE_DEBUG_INFO = INCLUDE_SOURCE;
				MTL_FAST_MATH = YES;
				ONLY_ACTIVE_ARCH = YES;
				SDKROOT = iphoneos;
				SWIFT_ACTIVE_COMPILATION_CONDITIONS = DEBUG;
				SWIFT_OPTIMIZATION_LEVEL = "-Onone";
			};
			name = Debug;
		};
		3D1122E92B6FEF3100466744 /* Release */ = {
			isa = XCBuildConfiguration;
			buildSettings = {
				ALWAYS_SEARCH_USER_PATHS = NO;
				CLANG_ANALYZER_NONNULL = YES;
				CLANG_ANALYZER_NUMBER_OBJECT_CONVERSION = YES_AGGRESSIVE;
				CLANG_CXX_LANGUAGE_STANDARD = "gnu++17";
				CLANG_ENABLE_MODULES = YES;
				CLANG_ENABLE_OBJC_ARC = YES;
				CLANG_ENABLE_OBJC_WEAK = YES;
				CLANG_WARN_BLOCK_CAPTURE_AUTORELEASING = YES;
				CLANG_WARN_BOOL_CONVERSION = YES;
				CLANG_WARN_COMMA = YES;
				CLANG_WARN_CONSTANT_CONVERSION = YES;
				CLANG_WARN_DEPRECATED_OBJC_IMPLEMENTATIONS = YES;
				CLANG_WARN_DIRECT_OBJC_ISA_USAGE = YES_ERROR;
				CLANG_WARN_DOCUMENTATION_COMMENTS = YES;
				CLANG_WARN_EMPTY_BODY = YES;
				CLANG_WARN_ENUM_CONVERSION = YES;
				CLANG_WARN_INFINITE_RECURSION = YES;
				CLANG_WARN_INT_CONVERSION = YES;
				CLANG_WARN_NON_LITERAL_NULL_CONVERSION = YES;
				CLANG_WARN_OBJC_IMPLICIT_RETAIN_SELF = YES;
				CLANG_WARN_OBJC_LITERAL_CONVERSION = YES;
				CLANG_WARN_OBJC_ROOT_CLASS = YES_ERROR;
				CLANG_WARN_QUOTED_INCLUDE_IN_FRAMEWORK_HEADER = YES;
				CLANG_WARN_RANGE_LOOP_ANALYSIS = YES;
				CLANG_WARN_STRICT_PROTOTYPES = YES;
				CLANG_WARN_SUSPICIOUS_MOVE = YES;
				CLANG_WARN_UNGUARDED_AVAILABILITY = YES_AGGRESSIVE;
				CLANG_WARN_UNREACHABLE_CODE = YES;
				CLANG_WARN__DUPLICATE_METHOD_MATCH = YES;
				COPY_PHASE_STRIP = NO;
				DEBUG_INFORMATION_FORMAT = "dwarf-with-dsym";
				ENABLE_NS_ASSERTIONS = NO;
				ENABLE_STRICT_OBJC_MSGSEND = YES;
				GCC_C_LANGUAGE_STANDARD = gnu11;
				GCC_NO_COMMON_BLOCKS = YES;
				GCC_WARN_64_TO_32_BIT_CONVERSION = YES;
				GCC_WARN_ABOUT_RETURN_TYPE = YES_ERROR;
				GCC_WARN_UNDECLARED_SELECTOR = YES;
				GCC_WARN_UNINITIALIZED_AUTOS = YES_AGGRESSIVE;
				GCC_WARN_UNUSED_FUNCTION = YES;
				GCC_WARN_UNUSED_VARIABLE = YES;
				IPHONEOS_DEPLOYMENT_TARGET = 15.5;
				MTL_ENABLE_DEBUG_INFO = NO;
				MTL_FAST_MATH = YES;
				SDKROOT = iphoneos;
				SWIFT_COMPILATION_MODE = wholemodule;
				SWIFT_OPTIMIZATION_LEVEL = "-O";
				VALIDATE_PRODUCT = YES;
			};
			name = Release;
		};
		3D1122EB2B6FEF3100466744 /* Debug */ = {
			isa = XCBuildConfiguration;
			buildSettings = {
				ASSETCATALOG_COMPILER_APPICON_NAME = AppIcon;
				ASSETCATALOG_COMPILER_GLOBAL_ACCENT_COLOR_NAME = AccentColor;
				CODE_SIGN_STYLE = Automatic;
				CURRENT_PROJECT_VERSION = 1;
				DEVELOPMENT_TEAM = AF8KKP4X28;
				GENERATE_INFOPLIST_FILE = YES;
				INFOPLIST_FILE = homeWorkThree/Info.plist;
				INFOPLIST_KEY_UIApplicationSupportsIndirectInputEvents = YES;
				INFOPLIST_KEY_UILaunchStoryboardName = LaunchScreen;
				INFOPLIST_KEY_UIMainStoryboardFile = Main;
				INFOPLIST_KEY_UISupportedInterfaceOrientations_iPad = "UIInterfaceOrientationPortrait UIInterfaceOrientationPortraitUpsideDown UIInterfaceOrientationLandscapeLeft UIInterfaceOrientationLandscapeRight";
				INFOPLIST_KEY_UISupportedInterfaceOrientations_iPhone = "UIInterfaceOrientationPortrait UIInterfaceOrientationLandscapeLeft UIInterfaceOrientationLandscapeRight";
				LD_RUNPATH_SEARCH_PATHS = (
					"$(inherited)",
					"@executable_path/Frameworks",
				);
				MARKETING_VERSION = 1.0;
				PRODUCT_BUNDLE_IDENTIFIER = Aidana.homeWorkThree;
				PRODUCT_NAME = "$(TARGET_NAME)";
				SWIFT_EMIT_LOC_STRINGS = YES;
				SWIFT_VERSION = 5.0;
				TARGETED_DEVICE_FAMILY = 1;
			};
			name = Debug;
		};
		3D1122EC2B6FEF3100466744 /* Release */ = {
			isa = XCBuildConfiguration;
			buildSettings = {
				ASSETCATALOG_COMPILER_APPICON_NAME = AppIcon;
				ASSETCATALOG_COMPILER_GLOBAL_ACCENT_COLOR_NAME = AccentColor;
				CODE_SIGN_STYLE = Automatic;
				CURRENT_PROJECT_VERSION = 1;
				DEVELOPMENT_TEAM = AF8KKP4X28;
				GENERATE_INFOPLIST_FILE = YES;
				INFOPLIST_FILE = homeWorkThree/Info.plist;
				INFOPLIST_KEY_UIApplicationSupportsIndirectInputEvents = YES;
				INFOPLIST_KEY_UILaunchStoryboardName = LaunchScreen;
				INFOPLIST_KEY_UIMainStoryboardFile = Main;
				INFOPLIST_KEY_UISupportedInterfaceOrientations_iPad = "UIInterfaceOrientationPortrait UIInterfaceOrientationPortraitUpsideDown UIInterfaceOrientationLandscapeLeft UIInterfaceOrientationLandscapeRight";
				INFOPLIST_KEY_UISupportedInterfaceOrientations_iPhone = "UIInterfaceOrientationPortrait UIInterfaceOrientationLandscapeLeft UIInterfaceOrientationLandscapeRight";
				LD_RUNPATH_SEARCH_PATHS = (
					"$(inherited)",
					"@executable_path/Frameworks",
				);
				MARKETING_VERSION = 1.0;
				PRODUCT_BUNDLE_IDENTIFIER = Aidana.homeWorkThree;
				PRODUCT_NAME = "$(TARGET_NAME)";
				SWIFT_EMIT_LOC_STRINGS = YES;
				SWIFT_VERSION = 5.0;
				TARGETED_DEVICE_FAMILY = 1;
			};
			name = Release;
		};
		3D1122EE2B6FEF3100466744 /* Debug */ = {
			isa = XCBuildConfiguration;
			buildSettings = {
				ALWAYS_EMBED_SWIFT_STANDARD_LIBRARIES = YES;
				BUNDLE_LOADER = "$(TEST_HOST)";
				CODE_SIGN_STYLE = Automatic;
				CURRENT_PROJECT_VERSION = 1;
				DEVELOPMENT_TEAM = AF8KKP4X28;
				GENERATE_INFOPLIST_FILE = YES;
				IPHONEOS_DEPLOYMENT_TARGET = 15.5;
				MARKETING_VERSION = 1.0;
				PRODUCT_BUNDLE_IDENTIFIER = Aidana.homeWorkThreeTests;
				PRODUCT_NAME = "$(TARGET_NAME)";
				SWIFT_EMIT_LOC_STRINGS = NO;
				SWIFT_VERSION = 5.0;
				TARGETED_DEVICE_FAMILY = "1,2";
				TEST_HOST = "$(BUILT_PRODUCTS_DIR)/homeWorkThree.app/homeWorkThree";
			};
			name = Debug;
		};
		3D1122EF2B6FEF3100466744 /* Release */ = {
			isa = XCBuildConfiguration;
			buildSettings = {
				ALWAYS_EMBED_SWIFT_STANDARD_LIBRARIES = YES;
				BUNDLE_LOADER = "$(TEST_HOST)";
				CODE_SIGN_STYLE = Automatic;
				CURRENT_PROJECT_VERSION = 1;
				DEVELOPMENT_TEAM = AF8KKP4X28;
				GENERATE_INFOPLIST_FILE = YES;
				IPHONEOS_DEPLOYMENT_TARGET = 15.5;
				MARKETING_VERSION = 1.0;
				PRODUCT_BUNDLE_IDENTIFIER = Aidana.homeWorkThreeTests;
				PRODUCT_NAME = "$(TARGET_NAME)";
				SWIFT_EMIT_LOC_STRINGS = NO;
				SWIFT_VERSION = 5.0;
				TARGETED_DEVICE_FAMILY = "1,2";
				TEST_HOST = "$(BUILT_PRODUCTS_DIR)/homeWorkThree.app/homeWorkThree";
			};
			name = Release;
		};
		3D1122F12B6FEF3100466744 /* Debug */ = {
			isa = XCBuildConfiguration;
			buildSettings = {
				ALWAYS_EMBED_SWIFT_STANDARD_LIBRARIES = YES;
				CODE_SIGN_STYLE = Automatic;
				CURRENT_PROJECT_VERSION = 1;
				DEVELOPMENT_TEAM = AF8KKP4X28;
				GENERATE_INFOPLIST_FILE = YES;
				MARKETING_VERSION = 1.0;
				PRODUCT_BUNDLE_IDENTIFIER = Aidana.homeWorkThreeUITests;
				PRODUCT_NAME = "$(TARGET_NAME)";
				SWIFT_EMIT_LOC_STRINGS = NO;
				SWIFT_VERSION = 5.0;
				TARGETED_DEVICE_FAMILY = "1,2";
				TEST_TARGET_NAME = homeWorkThree;
			};
			name = Debug;
		};
		3D1122F22B6FEF3100466744 /* Release */ = {
			isa = XCBuildConfiguration;
			buildSettings = {
				ALWAYS_EMBED_SWIFT_STANDARD_LIBRARIES = YES;
				CODE_SIGN_STYLE = Automatic;
				CURRENT_PROJECT_VERSION = 1;
				DEVELOPMENT_TEAM = AF8KKP4X28;
				GENERATE_INFOPLIST_FILE = YES;
				MARKETING_VERSION = 1.0;
				PRODUCT_BUNDLE_IDENTIFIER = Aidana.homeWorkThreeUITests;
				PRODUCT_NAME = "$(TARGET_NAME)";
				SWIFT_EMIT_LOC_STRINGS = NO;
				SWIFT_VERSION = 5.0;
				TARGETED_DEVICE_FAMILY = "1,2";
				TEST_TARGET_NAME = homeWorkThree;
			};
			name = Release;
		};
/* End XCBuildConfiguration section */

/* Begin XCConfigurationList section */
		3D1122BB2B6FEF2D00466744 /* Build configuration list for PBXProject "homeWorkThree" */ = {
			isa = XCConfigurationList;
			buildConfigurations = (
				3D1122E82B6FEF3100466744 /* Debug */,
				3D1122E92B6FEF3100466744 /* Release */,
			);
			defaultConfigurationIsVisible = 0;
			defaultConfigurationName = Release;
		};
		3D1122EA2B6FEF3100466744 /* Build configuration list for PBXNativeTarget "homeWorkThree" */ = {
			isa = XCConfigurationList;
			buildConfigurations = (
				3D1122EB2B6FEF3100466744 /* Debug */,
				3D1122EC2B6FEF3100466744 /* Release */,
			);
			defaultConfigurationIsVisible = 0;
			defaultConfigurationName = Release;
		};
		3D1122ED2B6FEF3100466744 /* Build configuration list for PBXNativeTarget "homeWorkThreeTests" */ = {
			isa = XCConfigurationList;
			buildConfigurations = (
				3D1122EE2B6FEF3100466744 /* Debug */,
				3D1122EF2B6FEF3100466744 /* Release */,
			);
			defaultConfigurationIsVisible = 0;
			defaultConfigurationName = Release;
		};
		3D1122F02B6FEF3100466744 /* Build configuration list for PBXNativeTarget "homeWorkThreeUITests" */ = {
			isa = XCConfigurationList;
			buildConfigurations = (
				3D1122F12B6FEF3100466744 /* Debug */,
				3D1122F22B6FEF3100466744 /* Release */,
			);
			defaultConfigurationIsVisible = 0;
			defaultConfigurationName = Release;
		};
/* End XCConfigurationList section */
	};
	rootObject = 3D1122B82B6FEF2D00466744 /* Project object */;
}
